# THIS IS AN AUTOGENERATED FILE. DO NOT EDIT THIS FILE DIRECTLY.
# yarn lockfile v1


"@esbuild/android-arm64@0.19.1":
  version "0.19.1"
  resolved "https://registry.yarnpkg.com/@esbuild/android-arm64/-/android-arm64-0.19.1.tgz#3803e259bb50a82a820a5e339832d42ffba02ffa"
  integrity sha512-CqhrKvDSt76I0so/5afqgKrMv41FjbfUKFrcZddMnrZKqJU70I1MWLVJrImJuYMaY4Yb9rn4UKfF7oZ0BOleVw==

"@esbuild/android-arm@0.19.1":
  version "0.19.1"
  resolved "https://registry.yarnpkg.com/@esbuild/android-arm/-/android-arm-0.19.1.tgz#131a3bf5681fb50e1e873b79fce8eae98043606b"
  integrity sha512-yjTucwcOua52z14RL30JMwmCdylsQ5WrErGkAb6VL0MWPbnwJyLejydaRcUqkPO6g0MowlzavdxrR7AcfCW+yA==

"@esbuild/android-x64@0.19.1":
  version "0.19.1"
  resolved "https://registry.yarnpkg.com/@esbuild/android-x64/-/android-x64-0.19.1.tgz#d8b5aa54142c04d2fa8dfdd7781929cf50f0246a"
  integrity sha512-VA29h01MrPkymIL1bFtvL2L4WPogiMGW2N/M+vXZHHOv6LgA9vjzVskTt0v5LjeCjx1PFDcR0ASKy8Y7Gm+iIA==

"@esbuild/darwin-arm64@0.19.1":
  version "0.19.1"
  resolved "https://registry.yarnpkg.com/@esbuild/darwin-arm64/-/darwin-arm64-0.19.1.tgz#ce472269315da5342811b7bad901f6be0d456642"
  integrity sha512-Be4Cf6WDH7QkLHEpfzQOlBOFdqmqYTSqw2yG3SVmzB3++wy3K7wiNGedezL+q6Jb4weqT9tchO5kkLDC08Jnzg==

"@esbuild/darwin-x64@0.19.1":
  version "0.19.1"
  resolved "https://registry.yarnpkg.com/@esbuild/darwin-x64/-/darwin-x64-0.19.1.tgz#445017aec28152dd340464565a6796276adbd234"
  integrity sha512-SewtenJi6zCEfZRSUchb+LgJ/IQw8QvnKECPu/qHII1fLQKnVPUVR+VH2IuS03DD9WWnAi3yfOvBNwtrp3WXtg==

"@esbuild/freebsd-arm64@0.19.1":
  version "0.19.1"
  resolved "https://registry.yarnpkg.com/@esbuild/freebsd-arm64/-/freebsd-arm64-0.19.1.tgz#61f70529c0aa2432e0a652b63f99ef1e1f83f7d6"
  integrity sha512-TadKO0AaTDAPV2RyGZQ0AaiDTVYg7RsgNaA6OJjXXmoLbTs++NwHtzAmVFBq8Q/P9A11wgkv36HeyAYhWHbW1w==

"@esbuild/freebsd-x64@0.19.1":
  version "0.19.1"
  resolved "https://registry.yarnpkg.com/@esbuild/freebsd-x64/-/freebsd-x64-0.19.1.tgz#f7658f988c88d6b63777678b89fb8137a07a9df6"
  integrity sha512-DrFMGLF0/aAcZgwhtZr1cby7aHlalpFjLCe5CiI8mm0Kqhhc8gyNZKreaZzvir8CQe0H17p9xx6M9ben5R3r0g==

"@esbuild/linux-arm64@0.19.1":
  version "0.19.1"
  resolved "https://registry.yarnpkg.com/@esbuild/linux-arm64/-/linux-arm64-0.19.1.tgz#4245701cda66bfaeaf886d3c065729c98499d7de"
  integrity sha512-6ku/R2EzsdjyBaqQn+xGOPbv+BBYBXQYzlA04/46YQLmXkdApi0GYyUwiCXYBxm578iyywzGmM0rep1/q8tuFQ==

"@esbuild/linux-arm@0.19.1":
  version "0.19.1"
  resolved "https://registry.yarnpkg.com/@esbuild/linux-arm/-/linux-arm-0.19.1.tgz#16ab51f1928c5631cbd40b86997198691201fe4c"
  integrity sha512-lCWDVPpQO/Dt5MEqctKujgtUVmwQx7J2Q83EqX/9BejN7BIX4fGJ0QKMiIyy21PFh+/64ArN+Ovh1tzYkTt2wg==

"@esbuild/linux-ia32@0.19.1":
  version "0.19.1"
  resolved "https://registry.yarnpkg.com/@esbuild/linux-ia32/-/linux-ia32-0.19.1.tgz#860b8c9e15259117c2adc3c510eac1fcf4b96e9a"
  integrity sha512-8AKFBk9v/zBDsADvK/0BWZUxkjEc0QDwO8rvbHJKqAZx6DF/VSeBxTRmqWeecrJmx+n3kemEwML9z0eD9IHweQ==

"@esbuild/linux-loong64@0.19.1":
  version "0.19.1"
  resolved "https://registry.yarnpkg.com/@esbuild/linux-loong64/-/linux-loong64-0.19.1.tgz#09b4dc90479af7aa62babbdf451cbd1bdc0c76ad"
  integrity sha512-6mOS5CxTGD8qOymp2y4KoM4ir+/REgjdJQFYpwP+WqjrWBo+PUevDGeHHjzCdw/R19PkFqS1bRzv8cTCmB/5kA==

"@esbuild/linux-mips64el@0.19.1":
  version "0.19.1"
  resolved "https://registry.yarnpkg.com/@esbuild/linux-mips64el/-/linux-mips64el-0.19.1.tgz#92b242fde2d7d9875d3aa249d57f3508f9058934"
  integrity sha512-Bzmv6rRMzR4ErG2k/jwfj5jKNzVMVEI1tThuirFdAoE+duUv+jlDnlwxsN3s1eqMzADTOV2sSIcUUOfgv++Dgg==

"@esbuild/linux-ppc64@0.19.1":
  version "0.19.1"
  resolved "https://registry.yarnpkg.com/@esbuild/linux-ppc64/-/linux-ppc64-0.19.1.tgz#43d07d27dde2819ab6e0dd200174b9a7dd25cb1f"
  integrity sha512-mPOxA7bd3nmx8TkuO/9M/tE0fnvmuX0wlpwnTL6DPLgkb/Z/KkupexSIw4cLfznn/fPzD89y17VWBjlVNyrpCQ==

"@esbuild/linux-riscv64@0.19.1":
  version "0.19.1"
  resolved "https://registry.yarnpkg.com/@esbuild/linux-riscv64/-/linux-riscv64-0.19.1.tgz#293e3027e996446d9d303d61605b5b0c14c238f9"
  integrity sha512-znYb2Mhe9xKIDeIYuTD6vCcUltvYzRT5Yq6sVcdhPrGu8DRdsNZS04B2tSeM+j7T03jL4yY+7/G/jxSJJ9LX2A==

"@esbuild/linux-s390x@0.19.1":
  version "0.19.1"
  resolved "https://registry.yarnpkg.com/@esbuild/linux-s390x/-/linux-s390x-0.19.1.tgz#ac6876f7b0221237792001fd644ca6523a82d5a7"
  integrity sha512-BBIE32cyqAYhMOQ42/jnecoF5P/S5lMob2vXSUiFpD3xCFbXOFkjP1OjfFKnalSO9+B5emvPTQFfNQXuLeVGEw==

"@esbuild/linux-x64@0.19.1":
  version "0.19.1"
  resolved "https://registry.yarnpkg.com/@esbuild/linux-x64/-/linux-x64-0.19.1.tgz#f2761e507bfb5a975ae89cb0b95b7c10fa283d8b"
  integrity sha512-PoCvKdHTIbnHmVJ5OEdewGMSw40HDFRTrC/imwh8vrp695RbSUpOqBqNBT45neK0FQleGFbSE/A9X6HlXPDhqA==

"@esbuild/netbsd-x64@0.19.1":
  version "0.19.1"
  resolved "https://registry.yarnpkg.com/@esbuild/netbsd-x64/-/netbsd-x64-0.19.1.tgz#c1f948931b14b96cf958c783c7dbec0409782a0c"
  integrity sha512-4OrGMPorHCq9h52VLtyyyAmPjC2ZlANx54VDYyCrqXUOi+k0qxnPKXKKprVES67w2mE7TZJx9qZmT+jHeiZbHQ==

"@esbuild/openbsd-x64@0.19.1":
  version "0.19.1"
  resolved "https://registry.yarnpkg.com/@esbuild/openbsd-x64/-/openbsd-x64-0.19.1.tgz#1d863e5c54a6a8a03e585ab3e3240863fc3a5e58"
  integrity sha512-3a7ZYMjBC4P3FKdTmUZHJw7Mhzp71m+iSFFhX1PnLZ03qmyaB2K+vJZCk4PjRjAvm5lSupJQQtM/AFMyLgKlxQ==

"@esbuild/sunos-x64@0.19.1":
  version "0.19.1"
  resolved "https://registry.yarnpkg.com/@esbuild/sunos-x64/-/sunos-x64-0.19.1.tgz#ee66c195f07527eb098d72e3a298398513128f67"
  integrity sha512-29yWBN5XfEjXT8yoeVb8cXfN1jAQLB+uskog1vBMhFR+YWOYvsrwPnh4hspETC/JnF95J+iETrvxgOUlICTWIw==

"@esbuild/win32-arm64@0.19.1":
  version "0.19.1"
  resolved "https://registry.yarnpkg.com/@esbuild/win32-arm64/-/win32-arm64-0.19.1.tgz#810ac7fcc15e4c0b606acdb39cd5cf342ba16dd7"
  integrity sha512-9Hb/WUXgyXlL55w3iNVyLkN9gq9x+agv3kk80foWbfpOwe7Qw4Vx6JGB+XQdsIfvvP1kShVQPIvBgVj0TxLlVw==

"@esbuild/win32-ia32@0.19.1":
  version "0.19.1"
  resolved "https://registry.yarnpkg.com/@esbuild/win32-ia32/-/win32-ia32-0.19.1.tgz#c8ae19f2f87d9a6dd4b6c1a490d2c2c010ed315b"
  integrity sha512-VGdtEcXX/f01NgoM8emDnpdOyrZCQ7VTwLv89MOl3mvJ5fbCOBMNCa8t7RZS4lf12RS87qOuJFX7Bh9aLTbSxg==

"@esbuild/win32-x64@0.19.1":
  version "0.19.1"
  resolved "https://registry.yarnpkg.com/@esbuild/win32-x64/-/win32-x64-0.19.1.tgz#8689ddff5792349df358d38d239a73ce58f274ab"
  integrity sha512-H6u8OHmJkKJubLbukVOyi9yA5lzK8VE4TFEkZj2vgusTUPvFeMQ8YnWviVc9F6PuKS6ZIpOvi2/sfiW8tQZQ2g==

"@prettier/plugin-ruby@^4.0.2":
  version "4.0.2"
  resolved "https://registry.yarnpkg.com/@prettier/plugin-ruby/-/plugin-ruby-4.0.2.tgz#55bc899d2265de09c1f48493324c269ecb95126c"
  integrity sha512-TOGsMoOLF0BLwRozqtTB/w7HpDHotDSBPfLsMBpCjlMONLSoCWBF1NhZQjiioyLim7tCltzFrCqZp11WcrPOzA==

anymatch@~3.1.2:
  version "3.1.3"
  resolved "https://registry.yarnpkg.com/anymatch/-/anymatch-3.1.3.tgz#790c58b19ba1720a84205b57c618d5ad8524973e"
  integrity sha512-KMReFUr0B4t+D+OBkjR3KYqvocp2XaSzO55UcB6mgQMd3KbcE+mWTyvVV7D/zsdEbNnV6acZUutkiHQXvTr1Rw==
  dependencies:
    normalize-path "^3.0.0"
    picomatch "^2.0.4"

binary-extensions@^2.0.0:
  version "2.2.0"
  resolved "https://registry.yarnpkg.com/binary-extensions/-/binary-extensions-2.2.0.tgz#75f502eeaf9ffde42fc98829645be4ea76bd9e2d"
  integrity sha512-jDctJ/IVQbZoJykoeHbhXpOlNBqGNcwXJKJog42E5HDPUwQTSdjCHdihjj0DlnheQ7blbT6dHOafNAiS8ooQKA==

braces@~3.0.2:
  version "3.0.2"
  resolved "https://registry.yarnpkg.com/braces/-/braces-3.0.2.tgz#3454e1a462ee8d599e236df336cd9ea4f8afe107"
  integrity sha512-b8um+L1RzM3WDSzvhm6gIz1yfTbBt6YTlcEKAvsmqCZZFw46z626lVj9j1yEPW33H5H+lBQpZMP1k8l+78Ha0A==
  dependencies:
    fill-range "^7.0.1"

"chokidar@>=3.0.0 <4.0.0":
  version "3.5.3"
  resolved "https://registry.yarnpkg.com/chokidar/-/chokidar-3.5.3.tgz#1cf37c8707b932bd1af1ae22c0432e2acd1903bd"
  integrity sha512-Dr3sfKRP6oTcjf2JmUmFJfeVMvXBdegxB0iVQ5eb2V10uFJUCAS8OByZdVAyVb8xXNz3GjjTgj9kLWsZTqE6kw==
  dependencies:
    anymatch "~3.1.2"
    braces "~3.0.2"
    glob-parent "~5.1.2"
    is-binary-path "~2.1.0"
    is-glob "~4.0.1"
    normalize-path "~3.0.0"
    readdirp "~3.6.0"
  optionalDependencies:
    fsevents "~2.3.2"

esbuild@^0.19.1:
  version "0.19.1"
  resolved "https://registry.yarnpkg.com/esbuild/-/esbuild-0.19.1.tgz#eda3e5d2d0c2e89059464ac895bdf20bea2c26b4"
  integrity sha512-IknHHwV4B/H4imOAu+416fuCvPfRjdncoyGi7eunhSvHuHkdNs50sLWan2LEG2Mym07TuW6gJUIyRS9G1miHEg==
  optionalDependencies:
    "@esbuild/android-arm" "0.19.1"
    "@esbuild/android-arm64" "0.19.1"
    "@esbuild/android-x64" "0.19.1"
    "@esbuild/darwin-arm64" "0.19.1"
    "@esbuild/darwin-x64" "0.19.1"
    "@esbuild/freebsd-arm64" "0.19.1"
    "@esbuild/freebsd-x64" "0.19.1"
    "@esbuild/linux-arm" "0.19.1"
    "@esbuild/linux-arm64" "0.19.1"
    "@esbuild/linux-ia32" "0.19.1"
    "@esbuild/linux-loong64" "0.19.1"
    "@esbuild/linux-mips64el" "0.19.1"
    "@esbuild/linux-ppc64" "0.19.1"
    "@esbuild/linux-riscv64" "0.19.1"
    "@esbuild/linux-s390x" "0.19.1"
    "@esbuild/linux-x64" "0.19.1"
    "@esbuild/netbsd-x64" "0.19.1"
    "@esbuild/openbsd-x64" "0.19.1"
    "@esbuild/sunos-x64" "0.19.1"
    "@esbuild/win32-arm64" "0.19.1"
    "@esbuild/win32-ia32" "0.19.1"
    "@esbuild/win32-x64" "0.19.1"

fill-range@^7.0.1:
  version "7.0.1"
  resolved "https://registry.yarnpkg.com/fill-range/-/fill-range-7.0.1.tgz#1919a6a7c75fe38b2c7c77e5198535da9acdda40"
  integrity sha512-qOo9F+dMUmC2Lcb4BbVvnKJxTPjCm+RRpe4gDuGrzkL7mEVl/djYSu2OdQ2Pa302N4oqkSg9ir6jaLWJ2USVpQ==
  dependencies:
    to-regex-range "^5.0.1"

fsevents@~2.3.2:
  version "2.3.2"
  resolved "https://registry.yarnpkg.com/fsevents/-/fsevents-2.3.2.tgz#8a526f78b8fdf4623b709e0b975c52c24c02fd1a"
  integrity sha512-xiqMQR4xAeHTuB9uWm+fFRcIOgKBMiOBP+eXiyT7jsgVCq1bkVygt00oASowB7EdtpOHaaPgKt812P9ab+DDKA==

glob-parent@~5.1.2:
  version "5.1.2"
  resolved "https://registry.yarnpkg.com/glob-parent/-/glob-parent-5.1.2.tgz#869832c58034fe68a4093c17dc15e8340d8401c4"
  integrity sha512-AOIgSQCepiJYwP3ARnGx+5VnTu2HBYdzbGP45eLw1vr3zB3vZLeyed1sC9hnbcOc9/SrMyM5RPQrkGz4aS9Zow==
  dependencies:
    is-glob "^4.0.1"

govuk-frontend@4.7.0:
  version "4.7.0"
  resolved "https://registry.yarnpkg.com/govuk-frontend/-/govuk-frontend-4.7.0.tgz#69950b6c2e69f435ffe9aa60d8dee232dac977de"
  integrity sha512-0OsdCusF5qvLWwKziU8zqxiC0nq6WP0ZQuw51ymZ/1V0tO71oIKMlSLN2S9bm8RcEGSoidPt2A34gKxePrLjvg==

immutable@^4.0.0:
  version "4.3.0"
  resolved "https://registry.yarnpkg.com/immutable/-/immutable-4.3.0.tgz#eb1738f14ffb39fd068b1dbe1296117484dd34be"
  integrity sha512-0AOCmOip+xgJwEVTQj1EfiDDOkPmuyllDuTuEX+DDXUgapLAsBIfkg3sxCYyCEA8mQqZrrxPUGjcOQ2JS3WLkg==

is-binary-path@~2.1.0:
  version "2.1.0"
  resolved "https://registry.yarnpkg.com/is-binary-path/-/is-binary-path-2.1.0.tgz#ea1f7f3b80f064236e83470f86c09c254fb45b09"
  integrity sha512-ZMERYes6pDydyuGidse7OsHxtbI7WVeUEozgR/g7rd0xUimYNlvZRE/K2MgZTjWy725IfelLeVcEM97mmtRGXw==
  dependencies:
    binary-extensions "^2.0.0"

is-extglob@^2.1.1:
  version "2.1.1"
  resolved "https://registry.yarnpkg.com/is-extglob/-/is-extglob-2.1.1.tgz#a88c02535791f02ed37c76a1b9ea9773c833f8c2"
  integrity sha512-SbKbANkN603Vi4jEZv49LeVJMn4yGwsbzZworEoyEiutsN3nJYdbO36zfhGJ6QEDpOZIFkDtnq5JRxmvl3jsoQ==

is-glob@^4.0.1, is-glob@~4.0.1:
  version "4.0.3"
  resolved "https://registry.yarnpkg.com/is-glob/-/is-glob-4.0.3.tgz#64f61e42cbbb2eec2071a9dac0b28ba1e65d5084"
  integrity sha512-xelSayHH36ZgE7ZWhli7pW34hNbNl8Ojv5KVmkJD4hBdD3th8Tfk9vYasLM+mXWOZhFkgZfxhLSnrwRr4elSSg==
  dependencies:
    is-extglob "^2.1.1"

is-number@^7.0.0:
  version "7.0.0"
  resolved "https://registry.yarnpkg.com/is-number/-/is-number-7.0.0.tgz#7535345b896734d5f80c4d06c50955527a14f12b"
  integrity sha512-41Cifkg6e8TylSpdtTpeLVMqvSBEVzTttHvERD741+pnZ8ANv0004MRL43QKPDlK9cGvNp6NZWZUBlbGXYxxng==

normalize-path@^3.0.0, normalize-path@~3.0.0:
  version "3.0.0"
  resolved "https://registry.yarnpkg.com/normalize-path/-/normalize-path-3.0.0.tgz#0dcd69ff23a1c9b11fd0978316644a0388216a65"
  integrity sha512-6eZs5Ls3WtCisHWp9S2GUy8dqkpGi4BVSz3GaqiE6ezub0512ESztXUwUB6C6IKbQkY2Pnb/mD4WYojCRwcwLA==

picomatch@^2.0.4, picomatch@^2.2.1:
  version "2.3.1"
  resolved "https://registry.yarnpkg.com/picomatch/-/picomatch-2.3.1.tgz#3ba3833733646d9d3e4995946c1365a67fb07a42"
  integrity sha512-JU3teHTNjmE2VCGFzuY8EXzCDVwEqB2a8fsIvwaStHhAWJEeVd1o1QD80CU6+ZdEXXSLbSsuLwJjkCBWqRQUVA==

prettier@^3.0.1:
  version "3.0.1"
  resolved "https://registry.yarnpkg.com/prettier/-/prettier-3.0.1.tgz#65271fc9320ce4913c57747a70ce635b30beaa40"
  integrity sha512-fcOWSnnpCrovBsmFZIGIy9UqK2FaI7Hqax+DIO0A9UxeVoY4iweyaFjS5TavZN97Hfehph0nhsZnjlVKzEQSrQ==

readdirp@~3.6.0:
  version "3.6.0"
  resolved "https://registry.yarnpkg.com/readdirp/-/readdirp-3.6.0.tgz#74a370bd857116e245b29cc97340cd431a02a6c7"
  integrity sha512-hOS089on8RduqdbhvQ5Z37A0ESjsqz6qnRcffsMU3495FuTdqSm+7bhJ29JvIOsBDEEnan5DPu9t3To9VRlMzA==
  dependencies:
    picomatch "^2.2.1"

sass@^1.64.2:
  version "1.64.2"
  resolved "https://registry.yarnpkg.com/sass/-/sass-1.64.2.tgz#0d9805ad6acf31c59c3acc725fcfb91b7fcc6909"
  integrity sha512-TnDlfc+CRnUAgLO9D8cQLFu/GIjJIzJCGkE7o4ekIGQOH7T3GetiRR/PsTWJUHhkzcSPrARkPI+gNWn5alCzDg==
  dependencies:
    chokidar ">=3.0.0 <4.0.0"
    immutable "^4.0.0"
    source-map-js ">=0.6.2 <2.0.0"

"source-map-js@>=0.6.2 <2.0.0":
  version "1.0.2"
  resolved "https://registry.yarnpkg.com/source-map-js/-/source-map-js-1.0.2.tgz#adbc361d9c62df380125e7f161f71c826f1e490c"
  integrity sha512-R0XvVJ9WusLiqTCEiGCmICCMplcCkIwwR11mOSD9CR5u+IXYdiseeEuXCVAjS54zqwkLcPNnmU4OeJ6tUrWhDw==

to-regex-range@^5.0.1:
  version "5.0.1"
  resolved "https://registry.yarnpkg.com/to-regex-range/-/to-regex-range-5.0.1.tgz#1648c44aae7c8d988a326018ed72f5b4dd0392e4"
  integrity sha512-65P7iz6X5yEr1cwcgvQxbbIw7Uk3gOy5dIdtZ4rDveLqhrdJP+Li/Hx6tyK0NEb+2GCyneCMJiGqrADCSNk8sQ==
  dependencies:
    is-number "^7.0.0"
